
Microsoft Visual Studio Solution File, Format Version 12.00
# Visual Studio Version 16
VisualStudioVersion = 16.0.31410.357
MinimumVisualStudioVersion = 10.0.40219.1
Project("{8BC9CEB8-8B4A-11D0-8D11-00A0C91BC942}") = "NESEmulator", "NESEmulator.vcxproj", "{FB76A5CB-D01D-4D5A-BEF4-1714A37651CA}"
EndProject
Global
	GlobalSection(SolutionConfigurationPlatforms) = preSolution
		Debug|x64 = Debug|x64
		Debug|x86 = Debug|x86
		Release|x64 = Release|x64
		Release|x86 = Release|x86
	EndGlobalSection
	GlobalSection(ProjectConfigurationPlatforms) = postSolution
		{FB76A5CB-D01D-4D5A-BEF4-1714A37651CA}.Debug|x64.ActiveCfg = Debug|x64
		{FB76A5CB-D01D-4D5A-BEF4-1714A37651CA}.Debug|x64.Build.0 = Debug|x64
		{FB76A5CB-D01D-4D5A-BEF4-1714A37651CA}.Debug|x86.ActiveCfg = Debug|Win32
		{FB76A5CB-D01D-4D5A-BEF4-1714A37651CA}.Debug|x86.Build.0 = Debug|Win32
		{FB76A5CB-D01D-4D5A-BEF4-1714A37651CA}.Release|x64.ActiveCfg = Release|x64
		{FB76A5CB-D01D-4D5A-BEF4-1714A37651CA}.Release|x64.Build.0 = Release|x64
		{FB76A5CB-D01D-4D5A-BEF4-1714A37651CA}.Release|x86.ActiveCfg = Release|Win32
		{FB76A5CB-D01D-4D5A-BEF4-1714A37651CA}.Release|x86.Build.0 = Release|Win32
	EndGlobalSection
	GlobalSection(SolutionProperties) = preSolution
		HideSolutionNode = FALSE
	EndGlobalSection
	GlobalSection(ExtensibilityGlobals) = postSolution
		SolutionGuid = {6A87A485-5BA7-4F33-A908-E0F256CA0108}
	EndGlobalSection
EndGlobal
